
Microsoft Visual Studio Solution File, Format Version 12.00
# Visual Studio 14
VisualStudioVersion = 14.0.25420.1
MinimumVisualStudioVersion = 10.0.40219.1
Project("{FAE04EC0-301F-11D3-BF4B-00C04F79EFBC}") = "WelcomeBack6", "WelcomeBack6\WelcomeBack6.csproj", "{A94E0641-2DE5-4622-9B24-F3F669976E2C}"
EndProject
Global
	GlobalSection(SolutionConfigurationPlatforms) = preSolution
		Debug|Any CPU = Debug|Any CPU
		Release|Any CPU = Release|Any CPU
	EndGlobalSection
	GlobalSection(ProjectConfigurationPlatforms) = postSolution
		{A94E0641-2DE5-4622-9B24-F3F669976E2C}.Debug|Any CPU.ActiveCfg = Debug|Any CPU
		{A94E0641-2DE5-4622-9B24-F3F669976E2C}.Debug|Any CPU.Build.0 = Debug|Any CPU
		{A94E0641-2DE5-4622-9B24-F3F669976E2C}.Release|Any CPU.ActiveCfg = Release|Any CPU
		{A94E0641-2DE5-4622-9B24-F3F669976E2C}.Release|Any CPU.Build.0 = Release|Any CPU
	EndGlobalSection
	GlobalSection(SolutionProperties) = preSolution
		HideSolutionNode = FALSE
	EndGlobalSection
EndGlobal
